
Microsoft Visual Studio Solution File, Format Version 12.00
# Visual Studio 15
VisualStudioVersion = 15.0.27428.2037
MinimumVisualStudioVersion = 10.0.40219.1
Project("{F2A71F9B-5D33-465A-A702-920D77279786}") = "LcdDisplay", "LcdDisplay\LcdDisplay.fsproj", "{614A6381-6766-4C3D-BB3B-E893753E242F}"
EndProject
Global
	GlobalSection(SolutionConfigurationPlatforms) = preSolution
		Debug|Any CPU = Debug|Any CPU
		Release|Any CPU = Release|Any CPU
	EndGlobalSection
	GlobalSection(ProjectConfigurationPlatforms) = postSolution
		{614A6381-6766-4C3D-BB3B-E893753E242F}.Debug|Any CPU.ActiveCfg = Debug|Any CPU
		{614A6381-6766-4C3D-BB3B-E893753E242F}.Debug|Any CPU.Build.0 = Debug|Any CPU
		{614A6381-6766-4C3D-BB3B-E893753E242F}.Release|Any CPU.ActiveCfg = Release|Any CPU
		{614A6381-6766-4C3D-BB3B-E893753E242F}.Release|Any CPU.Build.0 = Release|Any CPU
	EndGlobalSection
	GlobalSection(SolutionProperties) = preSolution
		HideSolutionNode = FALSE
	EndGlobalSection
	GlobalSection(ExtensibilityGlobals) = postSolution
		SolutionGuid = {A7062C70-2C0F-4216-A931-2C4A42C1738B}
	EndGlobalSection
EndGlobal
